
Microsoft Visual Studio Solution File, Format Version 12.00
# Visual Studio Version 16
VisualStudioVersion = 16.0.30503.244
MinimumVisualStudioVersion = 10.0.40219.1
Project("{FAE04EC0-301F-11D3-BF4B-00C04F79EFBC}") = "ProgamacionWeb_Practica1", "ProgamacionWeb_Practica1.csproj", "{2C398117-E084-48D5-B3A5-AB8DAFDE6C8E}"
EndProject
Global
	GlobalSection(SolutionConfigurationPlatforms) = preSolution
		Debug|Any CPU = Debug|Any CPU
		Release|Any CPU = Release|Any CPU
	EndGlobalSection
	GlobalSection(ProjectConfigurationPlatforms) = postSolution
		{2C398117-E084-48D5-B3A5-AB8DAFDE6C8E}.Debug|Any CPU.ActiveCfg = Debug|Any CPU
		{2C398117-E084-48D5-B3A5-AB8DAFDE6C8E}.Debug|Any CPU.Build.0 = Debug|Any CPU
		{2C398117-E084-48D5-B3A5-AB8DAFDE6C8E}.Release|Any CPU.ActiveCfg = Release|Any CPU
		{2C398117-E084-48D5-B3A5-AB8DAFDE6C8E}.Release|Any CPU.Build.0 = Release|Any CPU
	EndGlobalSection
	GlobalSection(SolutionProperties) = preSolution
		HideSolutionNode = FALSE
	EndGlobalSection
	GlobalSection(ExtensibilityGlobals) = postSolution
		SolutionGuid = {4C44A8A4-AC5D-48C0-B355-5B31046271BD}
	EndGlobalSection
EndGlobal
